// !$*UTF8*$!
{
	archiveVersion = 1;
	classes = {
	};
	objectVersion = 46;
	objects = {

/* Begin PBXBuildFile section */
		DFC5D8FC1DCA8FD500041638 /* AppDelegate.swift in Sources */ = {isa = PBXBuildFile; fileRef = DFC5D8FB1DCA8FD500041638 /* AppDelegate.swift */; };
		DFC5D8FE1DCA8FD500041638 /* ViewController.swift in Sources */ = {isa = PBXBuildFile; fileRef = DFC5D8FD1DCA8FD500041638 /* ViewController.swift */; };
		DFC5D9011DCA8FD500041638 /* Main.storyboard in Resources */ = {isa = PBXBuildFile; fileRef = DFC5D8FF1DCA8FD500041638 /* Main.storyboard */; };
		DFC5D9031DCA8FD500041638 /* Assets.xcassets in Resources */ = {isa = PBXBuildFile; fileRef = DFC5D9021DCA8FD500041638 /* Assets.xcassets */; };
		DFC5D9061DCA8FD500041638 /* LaunchScreen.storyboard in Resources */ = {isa = PBXBuildFile; fileRef = DFC5D9041DCA8FD500041638 /* LaunchScreen.storyboard */; };
		DFC5D9111DCA8FD600041638 /* HelloWorld_Tests.swift in Sources */ = {isa = PBXBuildFile; fileRef = DFC5D9101DCA8FD600041638 /* HelloWorld_Tests.swift */; };
		DFC5D91C1DCA8FD600041638 /* HelloWorld_UITests.swift in Sources */ = {isa = PBXBuildFile; fileRef = DFC5D91B1DCA8FD600041638 /* HelloWorld_UITests.swift */; };
/* End PBXBuildFile section */

/* Begin PBXContainerItemProxy section */
		DFC5D90D1DCA8FD500041638 /* PBXContainerItemProxy */ = {
			isa = PBXContainerItemProxy;
			containerPortal = DFC5D8F01DCA8FD400041638 /* Project object */;
			proxyType = 1;
			remoteGlobalIDString = DFC5D8F71DCA8FD500041638;
			remoteInfo = "HelloWorld!";
		};
		DFC5D9181DCA8FD600041638 /* PBXContainerItemProxy */ = {
			isa = PBXContainerItemProxy;
			containerPortal = DFC5D8F01DCA8FD400041638 /* Project object */;
			proxyType = 1;
			remoteGlobalIDString = DFC5D8F71DCA8FD500041638;
			remoteInfo = "HelloWorld!";
		};
/* End PBXContainerItemProxy section */

/* Begin PBXFileReference section */
		DFC5D8F81DCA8FD500041638 /* HelloWorld!.app */ = {isa = PBXFileReference; explicitFileType = wrapper.application; includeInIndex = 0; path = "HelloWorld!.app"; sourceTree = BUILT_PRODUCTS_DIR; };
		DFC5D8FB1DCA8FD500041638 /* AppDelegate.swift */ = {isa = PBXFileReference; lastKnownFileType = sourcecode.swift; path = AppDelegate.swift; sourceTree = "<group>"; };
		DFC5D8FD1DCA8FD500041638 /* ViewController.swift */ = {isa = PBXFileReference; lastKnownFileType = sourcecode.swift; path = ViewController.swift; sourceTree = "<group>"; };
		DFC5D9001DCA8FD500041638 /* Base */ = {isa = PBXFileReference; lastKnownFileType = file.storyboard; name = Base; path = Base.lproj/Main.storyboard; sourceTree = "<group>"; };
		DFC5D9021DCA8FD500041638 /* Assets.xcassets */ = {isa = PBXFileReference; lastKnownFileType = folder.assetcatalog; path = Assets.xcassets; sourceTree = "<group>"; };
		DFC5D9051DCA8FD500041638 /* Base */ = {isa = PBXFileReference; lastKnownFileType = file.storyboard; name = Base; path = Base.lproj/LaunchScreen.storyboard; sourceTree = "<group>"; };
		DFC5D9071DCA8FD500041638 /* Info.plist */ = {isa = PBXFileReference; lastKnownFileType = text.plist.xml; path = Info.plist; sourceTree = "<group>"; };
		DFC5D90C1DCA8FD500041638 /* HelloWorld!Tests.xctest */ = {isa = PBXFileReference; explicitFileType = wrapper.cfbundle; includeInIndex = 0; path = "HelloWorld!Tests.xctest"; sourceTree = BUILT_PRODUCTS_DIR; };
		DFC5D9101DCA8FD600041638 /* HelloWorld_Tests.swift */ = {isa = PBXFileReference; lastKnownFileType = sourcecode.swift; path = HelloWorld_Tests.swift; sourceTree = "<group>"; };
		DFC5D9121DCA8FD600041638 /* Info.plist */ = {isa = PBXFileReference; lastKnownFileType = text.plist.xml; path = Info.plist; sourceTree = "<group>"; };
		DFC5D9171DCA8FD600041638 /* HelloWorld!UITests.xctest */ = {isa = PBXFileReference; explicitFileType = wrapper.cfbundle; includeInIndex = 0; path = "HelloWorld!UITests.xctest"; sourceTree = BUILT_PRODUCTS_DIR; };
		DFC5D91B1DCA8FD600041638 /* HelloWorld_UITests.swift */ = {isa = PBXFileReference; lastKnownFileType = sourcecode.swift; path = HelloWorld_UITests.swift; sourceTree = "<group>"; };
		DFC5D91D1DCA8FD600041638 /* Info.plist */ = {isa = PBXFileReference; lastKnownFileType = text.plist.xml; path = Info.plist; sourceTree = "<group>"; };
/* End PBXFileReference section */

/* Begin PBXFrameworksBuildPhase section */
		DFC5D8F51DCA8FD500041638 /* Frameworks */ = {
			isa = PBXFrameworksBuildPhase;
			buildActionMask = 2147483647;
			files = (
			);
			runOnlyForDeploymentPostprocessing = 0;
		};
		DFC5D9091DCA8FD500041638 /* Frameworks */ = {
			isa = PBXFrameworksBuildPhase;
			buildActionMask = 2147483647;
			files = (
			);
			runOnlyForDeploymentPostprocessing = 0;
		};
		DFC5D9141DCA8FD600041638 /* Frameworks */ = {
			isa = PBXFrameworksBuildPhase;
			buildActionMask = 2147483647;
			files = (
			);
			runOnlyForDeploymentPostprocessing = 0;
		};
/* End PBXFrameworksBuildPhase section */

/* Begin PBXGroup section */
		DFC5D8EF1DCA8FD400041638 = {
			isa = PBXGroup;
			children = (
				DFC5D8FA1DCA8FD500041638 /* HelloWorld! */,
				DFC5D90F1DCA8FD500041638 /* HelloWorld!Tests */,
				DFC5D91A1DCA8FD600041638 /* HelloWorld!UITests */,
				DFC5D8F91DCA8FD500041638 /* Products */,
			);
			sourceTree = "<group>";
		};
		DFC5D8F91DCA8FD500041638 /* Products */ = {
			isa = PBXGroup;
			children = (
				DFC5D8F81DCA8FD500041638 /* HelloWorld!.app */,
				DFC5D90C1DCA8FD500041638 /* HelloWorld!Tests.xctest */,
				DFC5D9171DCA8FD600041638 /* HelloWorld!UITests.xctest */,
			);
			name = Products;
			sourceTree = "<group>";
		};
		DFC5D8FA1DCA8FD500041638 /* HelloWorld! */ = {
			isa = PBXGroup;
			children = (
				DFC5D8FB1DCA8FD500041638 /* AppDelegate.swift */,
				DFC5D8FD1DCA8FD500041638 /* ViewController.swift */,
				DFC5D8FF1DCA8FD500041638 /* Main.storyboard */,
				DFC5D9021DCA8FD500041638 /* Assets.xcassets */,
				DFC5D9041DCA8FD500041638 /* LaunchScreen.storyboard */,
				DFC5D9071DCA8FD500041638 /* Info.plist */,
			);
			path = "HelloWorld!";
			sourceTree = "<group>";
		};
		DFC5D90F1DCA8FD500041638 /* HelloWorld!Tests */ = {
			isa = PBXGroup;
			children = (
				DFC5D9101DCA8FD600041638 /* HelloWorld_Tests.swift */,
				DFC5D9121DCA8FD600041638 /* Info.plist */,
			);
			path = "HelloWorld!Tests";
			sourceTree = "<group>";
		};
		DFC5D91A1DCA8FD600041638 /* HelloWorld!UITests */ = {
			isa = PBXGroup;
			children = (
				DFC5D91B1DCA8FD600041638 /* HelloWorld_UITests.swift */,
				DFC5D91D1DCA8FD600041638 /* Info.plist */,
			);
			path = "HelloWorld!UITests";
			sourceTree = "<group>";
		};
/* End PBXGroup section */

/* Begin PBXNativeTarget section */
		DFC5D8F71DCA8FD500041638 /* HelloWorld! */ = {
			isa = PBXNativeTarget;
			buildConfigurationList = DFC5D9201DCA8FD600041638 /* Build configuration list for PBXNativeTarget "HelloWorld!" */;
			buildPhases = (
				DFC5D8F41DCA8FD500041638 /* Sources */,
				DFC5D8F51DCA8FD500041638 /* Frameworks */,
				DFC5D8F61DCA8FD500041638 /* Resources */,
			);
			buildRules = (
			);
			dependencies = (
			);
			name = "HelloWorld!";
			productName = "HelloWorld!";
			productReference = DFC5D8F81DCA8FD500041638 /* HelloWorld!.app */;
			productType = "com.apple.product-type.application";
		};
		DFC5D90B1DCA8FD500041638 /* HelloWorld!Tests */ = {
			isa = PBXNativeTarget;
			buildConfigurationList = DFC5D9231DCA8FD600041638 /* Build configuration list for PBXNativeTarget "HelloWorld!Tests" */;
			buildPhases = (
				DFC5D9081DCA8FD500041638 /* Sources */,
				DFC5D9091DCA8FD500041638 /* Frameworks */,
				DFC5D90A1DCA8FD500041638 /* Resources */,
			);
			buildRules = (
			);
			dependencies = (
				DFC5D90E1DCA8FD500041638 /* PBXTargetDependency */,
			);
			name = "HelloWorld!Tests";
			productName = "HelloWorld!Tests";
			productReference = DFC5D90C1DCA8FD500041638 /* HelloWorld!Tests.xctest */;
			productType = "com.apple.product-type.bundle.unit-test";
		};
		DFC5D9161DCA8FD600041638 /* HelloWorld!UITests */ = {
			isa = PBXNativeTarget;
			buildConfigurationList = DFC5D9261DCA8FD600041638 /* Build configuration list for PBXNativeTarget "HelloWorld!UITests" */;
			buildPhases = (
				DFC5D9131DCA8FD600041638 /* Sources */,
				DFC5D9141DCA8FD600041638 /* Frameworks */,
				DFC5D9151DCA8FD600041638 /* Resources */,
			);
			buildRules = (
			);
			dependencies = (
				DFC5D9191DCA8FD600041638 /* PBXTargetDependency */,
			);
			name = "HelloWorld!UITests";
			productName = "HelloWorld!UITests";
			productReference = DFC5D9171DCA8FD600041638 /* HelloWorld!UITests.xctest */;
			productType = "com.apple.product-type.bundle.ui-testing";
		};
/* End PBXNativeTarget section */

/* Begin PBXProject section */
		DFC5D8F01DCA8FD400041638 /* Project object */ = {
			isa = PBXProject;
			attributes = {
				LastSwiftUpdateCheck = 0800;
				LastUpgradeCheck = 0800;
				ORGANIZATIONNAME = Naeem;
				TargetAttributes = {
					DFC5D8F71DCA8FD500041638 = {
						CreatedOnToolsVersion = 8.0;
						DevelopmentTeam = 7C4XMGYAAX;
						DevelopmentTeamName = "Naeem Hossain (Personal Team)";
						ProvisioningStyle = Automatic;
					};
					DFC5D90B1DCA8FD500041638 = {
						CreatedOnToolsVersion = 8.0;
						DevelopmentTeam = 7C4XMGYAAX;
						DevelopmentTeamName = "Naeem Hossain (Personal Team)";
						ProvisioningStyle = Automatic;
						TestTargetID = DFC5D8F71DCA8FD500041638;
					};
					DFC5D9161DCA8FD600041638 = {
						CreatedOnToolsVersion = 8.0;
						DevelopmentTeam = 7C4XMGYAAX;
						DevelopmentTeamName = "Naeem Hossain (Personal Team)";
						ProvisioningStyle = Automatic;
						TestTargetID = DFC5D8F71DCA8FD500041638;
					};
				};
			};
			buildConfigurationList = DFC5D8F31DCA8FD400041638 /* Build configuration list for PBXProject "HelloWorld!" */;
			compatibilityVersion = "Xcode 3.2";
			developmentRegion = English;
			hasScannedForEncodings = 0;
			knownRegions = (
				en,
				Base,
			);
			mainGroup = DFC5D8EF1DCA8FD400041638;
			productRefGroup = DFC5D8F91DCA8FD500041638 /* Products */;
			projectDirPath = "";
			projectRoot = "";
			targets = (
				DFC5D8F71DCA8FD500041638 /* HelloWorld! */,
				DFC5D90B1DCA8FD500041638 /* HelloWorld!Tests */,
				DFC5D9161DCA8FD600041638 /* HelloWorld!UITests */,
			);
		};
/* End PBXProject section */

/* Begin PBXResourcesBuildPhase section */
		DFC5D8F61DCA8FD500041638 /* Resources */ = {
			isa = PBXResourcesBuildPhase;
			buildActionMask = 2147483647;
			files = (
				DFC5D9061DCA8FD500041638 /* LaunchScreen.storyboard in Resources */,
				DFC5D9031DCA8FD500041638 /* Assets.xcassets in Resources */,
				DFC5D9011DCA8FD500041638 /* Main.storyboard in Resources */,
			);
			runOnlyForDeploymentPostprocessing = 0;
		};
		DFC5D90A1DCA8FD500041638 /* Resources */ = {
			isa = PBXResourcesBuildPhase;
			buildActionMask = 2147483647;
			files = (
			);
			runOnlyForDeploymentPostprocessing = 0;
		};
		DFC5D9151DCA8FD600041638 /* Resources */ = {
			isa = PBXResourcesBuildPhase;
			buildActionMask = 2147483647;
			files = (
			);
			runOnlyForDeploymentPostprocessing = 0;
		};
/* End PBXResourcesBuildPhase section */

/* Begin PBXSourcesBuildPhase section */
		DFC5D8F41DCA8FD500041638 /* Sources */ = {
			isa = PBXSourcesBuildPhase;
			buildActionMask = 2147483647;
			files = (
				DFC5D8FE1DCA8FD500041638 /* ViewController.swift in Sources */,
				DFC5D8FC1DCA8FD500041638 /* AppDelegate.swift in Sources */,
			);
			runOnlyForDeploymentPostprocessing = 0;
		};
		DFC5D9081DCA8FD500041638 /* Sources */ = {
			isa = PBXSourcesBuildPhase;
			buildActionMask = 2147483647;
			files = (
				DFC5D9111DCA8FD600041638 /* HelloWorld_Tests.swift in Sources */,
			);
			runOnlyForDeploymentPostprocessing = 0;
		};
		DFC5D9131DCA8FD600041638 /* Sources */ = {
			isa = PBXSourcesBuildPhase;
			buildActionMask = 2147483647;
			files = (
				DFC5D91C1DCA8FD600041638 /* HelloWorld_UITests.swift in Sources */,
			);
			runOnlyForDeploymentPostprocessing = 0;
		};
/* End PBXSourcesBuildPhase section */

/* Begin PBXTargetDependency section */
		DFC5D90E1DCA8FD500041638 /* PBXTargetDependency */ = {
			isa = PBXTargetDependency;
			target = DFC5D8F71DCA8FD500041638 /* HelloWorld! */;
			targetProxy = DFC5D90D1DCA8FD500041638 /* PBXContainerItemProxy */;
		};
		DFC5D9191DCA8FD600041638 /* PBXTargetDependency */ = {
			isa = PBXTargetDependency;
			target = DFC5D8F71DCA8FD500041638 /* HelloWorld! */;
			targetProxy = DFC5D9181DCA8FD600041638 /* PBXContainerItemProxy */;
		};
/* End PBXTargetDependency section */

/* Begin PBXVariantGroup section */
		DFC5D8FF1DCA8FD500041638 /* Main.storyboard */ = {
			isa = PBXVariantGroup;
			children = (
				DFC5D9001DCA8FD500041638 /* Base */,
			);
			name = Main.storyboard;
			sourceTree = "<group>";
		};
		DFC5D9041DCA8FD500041638 /* LaunchScreen.storyboard */ = {
			isa = PBXVariantGroup;
			children = (
				DFC5D9051DCA8FD500041638 /* Base */,
			);
			name = LaunchScreen.storyboard;
			sourceTree = "<group>";
		};
/* End PBXVariantGroup section */

/* Begin XCBuildConfiguration section */
		DFC5D91E1DCA8FD600041638 /* Debug */ = {
			isa = XCBuildConfiguration;
			buildSettings = {
				ALWAYS_SEARCH_USER_PATHS = NO;
				CLANG_ANALYZER_NONNULL = YES;
				CLANG_CXX_LANGUAGE_STANDARD = "gnu++0x";
				CLANG_CXX_LIBRARY = "libc++";
				CLANG_ENABLE_MODULES = YES;
				CLANG_ENABLE_OBJC_ARC = YES;
				CLANG_WARN_BOOL_CONVERSION = YES;
				CLANG_WARN_CONSTANT_CONVERSION = YES;
				CLANG_WARN_DIRECT_OBJC_ISA_USAGE = YES_ERROR;
				CLANG_WARN_DOCUMENTATION_COMMENTS = YES;
				CLANG_WARN_EMPTY_BODY = YES;
				CLANG_WARN_ENUM_CONVERSION = YES;
				CLANG_WARN_INT_CONVERSION = YES;
				CLANG_WARN_OBJC_ROOT_CLASS = YES_ERROR;
				CLANG_WARN_UNREACHABLE_CODE = YES;
				CLANG_WARN__DUPLICATE_METHOD_MATCH = YES;
				"CODE_SIGN_IDENTITY[sdk=iphoneos*]" = "iPhone Developer";
				COPY_PHASE_STRIP = NO;
				DEBUG_INFORMATION_FORMAT = dwarf;
				ENABLE_STRICT_OBJC_MSGSEND = YES;
				ENABLE_TESTABILITY = YES;
				GCC_C_LANGUAGE_STANDARD = gnu99;
				GCC_DYNAMIC_NO_PIC = NO;
				GCC_NO_COMMON_BLOCKS = YES;
				GCC_OPTIMIZATION_LEVEL = 0;
				GCC_PREPROCESSOR_DEFINITIONS = (
					"DEBUG=1",
					"$(inherited)",
				);
				GCC_WARN_64_TO_32_BIT_CONVERSION = YES;
				GCC_WARN_ABOUT_RETURN_TYPE = YES_ERROR;
				GCC_WARN_UNDECLARED_SELECTOR = YES;
				GCC_WARN_UNINITIALIZED_AUTOS = YES_AGGRESSIVE;
				GCC_WARN_UNUSED_FUNCTION = YES;
				GCC_WARN_UNUSED_VARIABLE = YES;
				IPHONEOS_DEPLOYMENT_TARGET = 10.0;
				MTL_ENABLE_DEBUG_INFO = YES;
				ONLY_ACTIVE_ARCH = YES;
				SDKROOT = iphoneos;
				SWIFT_ACTIVE_COMPILATION_CONDITIONS = DEBUG;
				SWIFT_OPTIMIZATION_LEVEL = "-Onone";
				TARGETED_DEVICE_FAMILY = "1,2";
			};
			name = Debug;
		};
		DFC5D91F1DCA8FD600041638 /* Release */ = {
			isa = XCBuildConfiguration;
			buildSettings = {
				ALWAYS_SEARCH_USER_PATHS = NO;
				CLANG_ANALYZER_NONNULL = YES;
				CLANG_CXX_LANGUAGE_STANDARD = "gnu++0x";
				CLANG_CXX_LIBRARY = "libc++";
				CLANG_ENABLE_MODULES = YES;
				CLANG_ENABLE_OBJC_ARC = YES;
				CLANG_WARN_BOOL_CONVERSION = YES;
				CLANG_WARN_CONSTANT_CONVERSION = YES;
				CLANG_WARN_DIRECT_OBJC_ISA_USAGE = YES_ERROR;
				CLANG_WARN_DOCUMENTATION_COMMENTS = YES;
				CLANG_WARN_EMPTY_BODY = YES;
				CLANG_WARN_ENUM_CONVERSION = YES;
				CLANG_WARN_INT_CONVERSION = YES;
				CLANG_WARN_OBJC_ROOT_CLASS = YES_ERROR;
				CLANG_WARN_UNREACHABLE_CODE = YES;
				CLANG_WARN__DUPLICATE_METHOD_MATCH = YES;
				"CODE_SIGN_IDENTITY[sdk=iphoneos*]" = "iPhone Developer";
				COPY_PHASE_STRIP = NO;
				DEBUG_INFORMATION_FORMAT = "dwarf-with-dsym";
				ENABLE_NS_ASSERTIONS = NO;
				ENABLE_STRICT_OBJC_MSGSEND = YES;
				GCC_C_LANGUAGE_STANDARD = gnu99;
				GCC_NO_COMMON_BLOCKS = YES;
				GCC_WARN_64_TO_32_BIT_CONVERSION = YES;
				GCC_WARN_ABOUT_RETURN_TYPE = YES_ERROR;
				GCC_WARN_UNDECLARED_SELECTOR = YES;
				GCC_WARN_UNINITIALIZED_AUTOS = YES_AGGRESSIVE;
				GCC_WARN_UNUSED_FUNCTION = YES;
				GCC_WARN_UNUSED_VARIABLE = YES;
				IPHONEOS_DEPLOYMENT_TARGET = 10.0;
				MTL_ENABLE_DEBUG_INFO = NO;
				SDKROOT = iphoneos;
				SWIFT_OPTIMIZATION_LEVEL = "-Owholemodule";
				TARGETED_DEVICE_FAMILY = "1,2";
				VALIDATE_PRODUCT = YES;
			};
			name = Release;
		};
		DFC5D9211DCA8FD600041638 /* Debug */ = {
			isa = XCBuildConfiguration;
			buildSettings = {
				ASSETCATALOG_COMPILER_APPICON_NAME = AppIcon;
				INFOPLIST_FILE = "HelloWorld!/Info.plist";
				LD_RUNPATH_SEARCH_PATHS = "$(inherited) @executable_path/Frameworks";
				PRODUCT_BUNDLE_IDENTIFIER = "Nemo.HelloWorld-";
				PRODUCT_NAME = "$(TARGET_NAME)";
				SWIFT_VERSION = 3.0;
			};
			name = Debug;
		};
		DFC5D9221DCA8FD600041638 /* Release */ = {
			isa = XCBuildConfiguration;
			buildSettings = {
				ASSETCATALOG_COMPILER_APPICON_NAME = AppIcon;
				INFOPLIST_FILE = "HelloWorld!/Info.plist";
				LD_RUNPATH_SEARCH_PATHS = "$(inherited) @executable_path/Frameworks";
				PRODUCT_BUNDLE_IDENTIFIER = "Nemo.HelloWorld-";
				PRODUCT_NAME = "$(TARGET_NAME)";
				SWIFT_VERSION = 3.0;
			};
			name = Release;
		};
		DFC5D9241DCA8FD600041638 /* Debug */ = {
			isa = XCBuildConfiguration;
			buildSettings = {
				BUNDLE_LOADER = "$(TEST_HOST)";
				INFOPLIST_FILE = "HelloWorld!Tests/Info.plist";
				LD_RUNPATH_SEARCH_PATHS = "$(inherited) @executable_path/Frameworks @loader_path/Frameworks";
				PRODUCT_BUNDLE_IDENTIFIER = "Nemo.HelloWorld-Tests";
				PRODUCT_NAME = "$(TARGET_NAME)";
				SWIFT_VERSION = 3.0;
				TEST_HOST = "$(BUILT_PRODUCTS_DIR)/HelloWorld!.app/HelloWorld!";
			};
			name = Debug;
		};
		DFC5D9251DCA8FD600041638 /* Release */ = {
			isa = XCBuildConfiguration;
			buildSettings = {
				BUNDLE_LOADER = "$(TEST_HOST)";
				INFOPLIST_FILE = "HelloWorld!Tests/Info.plist";
				LD_RUNPATH_SEARCH_PATHS = "$(inherited) @executable_path/Frameworks @loader_path/Frameworks";
				PRODUCT_BUNDLE_IDENTIFIER = "Nemo.HelloWorld-Tests";
				PRODUCT_NAME = "$(TARGET_NAME)";
				SWIFT_VERSION = 3.0;
				TEST_HOST = "$(BUILT_PRODUCTS_DIR)/HelloWorld!.app/HelloWorld!";
			};
			name = Release;
		};
		DFC5D9271DCA8FD600041638 /* Debug */ = {
			isa = XCBuildConfiguration;
			buildSettings = {
				INFOPLIST_FILE = "HelloWorld!UITests/Info.plist";
				LD_RUNPATH_SEARCH_PATHS = "$(inherited) @executable_path/Frameworks @loader_path/Frameworks";
				PRODUCT_BUNDLE_IDENTIFIER = "Nemo.HelloWorld-UITests";
				PRODUCT_NAME = "$(TARGET_NAME)";
				SWIFT_VERSION = 3.0;
				TEST_TARGET_NAME = "HelloWorld!";
			};
			name = Debug;
		};
		DFC5D9281DCA8FD600041638 /* Release */ = {
			isa = XCBuildConfiguration;
			buildSettings = {
				INFOPLIST_FILE = "HelloWorld!UITests/Info.plist";
				LD_RUNPATH_SEARCH_PATHS = "$(inherited) @executable_path/Frameworks @loader_path/Frameworks";
				PRODUCT_BUNDLE_IDENTIFIER = "Nemo.HelloWorld-UITests";
				PRODUCT_NAME = "$(TARGET_NAME)";
				SWIFT_VERSION = 3.0;
				TEST_TARGET_NAME = "HelloWorld!";
			};
			name = Release;
		};
/* End XCBuildConfiguration section */

/* Begin XCConfigurationList section */
		DFC5D8F31DCA8FD400041638 /* Build configuration list for PBXProject "HelloWorld!" */ = {
			isa = XCConfigurationList;
			buildConfigurations = (
				DFC5D91E1DCA8FD600041638 /* Debug */,
				DFC5D91F1DCA8FD600041638 /* Release */,
			);
			defaultConfigurationIsVisible = 0;
			defaultConfigurationName = Release;
		};
		DFC5D9201DCA8FD600041638 /* Build configuration list for PBXNativeTarget "HelloWorld!" */ = {
			isa = XCConfigurationList;
			buildConfigurations = (
				DFC5D9211DCA8FD600041638 /* Debug */,
				DFC5D9221DCA8FD600041638 /* Release */,
			);
			defaultConfigurationIsVisible = 0;
		};
		DFC5D9231DCA8FD600041638 /* Build configuration list for PBXNativeTarget "HelloWorld!Tests" */ = {
			isa = XCConfigurationList;
			buildConfigurations = (
				DFC5D9241DCA8FD600041638 /* Debug */,
				DFC5D9251DCA8FD600041638 /* Release */,
			);
			defaultConfigurationIsVisible = 0;
		};
		DFC5D9261DCA8FD600041638 /* Build configuration list for PBXNativeTarget "HelloWorld!UITests" */ = {
			isa = XCConfigurationList;
			buildConfigurations = (
				DFC5D9271DCA8FD600041638 /* Debug */,
				DFC5D9281DCA8FD600041638 /* Release */,
			);
			defaultConfigurationIsVisible = 0;
		};
/* End XCConfigurationList section */
	};
	rootObject = DFC5D8F01DCA8FD400041638 /* Project object */;
}
